
Microsoft Visual Studio Solution File, Format Version 12.00
# Visual Studio Version 17
VisualStudioVersion = 17.9.34902.65
MinimumVisualStudioVersion = 10.0.40219.1
Project("{FAE04EC0-301F-11D3-BF4B-00C04F79EFBC}") = "BudgetOrDie", "BudgetOrDie.csproj", "{3FCD67B7-701E-42B1-9767-7F47EB8DBC93}"
EndProject
Global
	GlobalSection(SolutionConfigurationPlatforms) = preSolution
		Debug|Any CPU = Debug|Any CPU
		Release|Any CPU = Release|Any CPU
	EndGlobalSection
	GlobalSection(ProjectConfigurationPlatforms) = postSolution
		{3FCD67B7-701E-42B1-9767-7F47EB8DBC93}.Debug|Any CPU.ActiveCfg = Debug|Any CPU
		{3FCD67B7-701E-42B1-9767-7F47EB8DBC93}.Debug|Any CPU.Build.0 = Debug|Any CPU
		{3FCD67B7-701E-42B1-9767-7F47EB8DBC93}.Release|Any CPU.ActiveCfg = Release|Any CPU
		{3FCD67B7-701E-42B1-9767-7F47EB8DBC93}.Release|Any CPU.Build.0 = Release|Any CPU
	EndGlobalSection
	GlobalSection(SolutionProperties) = preSolution
		HideSolutionNode = FALSE
	EndGlobalSection
	GlobalSection(ExtensibilityGlobals) = postSolution
		SolutionGuid = {D842805D-F379-4EDD-901C-2EA6ABD8613E}
	EndGlobalSection
EndGlobal
